
Microsoft Visual Studio Solution File, Format Version 11.00
# Visual Studio Version 16

Project("{8BC9CEB8-8B4A-11D0-8D11-00A0C91BC942}") = "GlitchPlugin - Standalone Plugin", "GlitchPlugin_StandalonePlugin.vcxproj", "{2AD44587-33FB-F51A-084B-1C5F84D33818}"
	ProjectSection(ProjectDependencies) = postProject
		{FA663B19-8634-73DA-C2DA-2D6C91687551} = {FA663B19-8634-73DA-C2DA-2D6C91687551}
	EndProjectSection
EndProject
Project("{8BC9CEB8-8B4A-11D0-8D11-00A0C91BC942}") = "GlitchPlugin - VST3", "GlitchPlugin_VST3.vcxproj", "{C7FB2201-70CC-91F1-0185-0D56FC7672DB}"
	ProjectSection(ProjectDependencies) = postProject
		{FA663B19-8634-73DA-C2DA-2D6C91687551} = {FA663B19-8634-73DA-C2DA-2D6C91687551}
		{CE1085EC-1B31-6721-61CD-E84754B36F63} = {CE1085EC-1B31-6721-61CD-E84754B36F63}
	EndProjectSection
EndProject
Project("{8BC9CEB8-8B4A-11D0-8D11-00A0C91BC942}") = "GlitchPlugin - Shared Code", "GlitchPlugin_SharedCode.vcxproj", "{FA663B19-8634-73DA-C2DA-2D6C91687551}"
EndProject
Project("{8BC9CEB8-8B4A-11D0-8D11-00A0C91BC942}") = "GlitchPlugin - VST3 Manifest Helper", "GlitchPlugin_VST3ManifestHelper.vcxproj", "{CE1085EC-1B31-6721-61CD-E84754B36F63}"
EndProject
Global
	GlobalSection(SolutionConfigurationPlatforms) = preSolution
		Debug|x64 = Debug|x64
		Release|x64 = Release|x64
	EndGlobalSection
	GlobalSection(ProjectConfigurationPlatforms) = postSolution
		{C7FB2201-70CC-91F1-0185-0D56FC7672DB}.Debug|x64.ActiveCfg = Debug|x64
		{C7FB2201-70CC-91F1-0185-0D56FC7672DB}.Debug|x64.Build.0 = Debug|x64
		{C7FB2201-70CC-91F1-0185-0D56FC7672DB}.Release|x64.ActiveCfg = Release|x64
		{C7FB2201-70CC-91F1-0185-0D56FC7672DB}.Release|x64.Build.0 = Release|x64
		{2AD44587-33FB-F51A-084B-1C5F84D33818}.Debug|x64.ActiveCfg = Debug|x64
		{2AD44587-33FB-F51A-084B-1C5F84D33818}.Debug|x64.Build.0 = Debug|x64
		{2AD44587-33FB-F51A-084B-1C5F84D33818}.Release|x64.ActiveCfg = Release|x64
		{2AD44587-33FB-F51A-084B-1C5F84D33818}.Release|x64.Build.0 = Release|x64
		{FA663B19-8634-73DA-C2DA-2D6C91687551}.Debug|x64.ActiveCfg = Debug|x64
		{FA663B19-8634-73DA-C2DA-2D6C91687551}.Debug|x64.Build.0 = Debug|x64
		{FA663B19-8634-73DA-C2DA-2D6C91687551}.Release|x64.ActiveCfg = Release|x64
		{FA663B19-8634-73DA-C2DA-2D6C91687551}.Release|x64.Build.0 = Release|x64
		{CE1085EC-1B31-6721-61CD-E84754B36F63}.Debug|x64.ActiveCfg = Debug|x64
		{CE1085EC-1B31-6721-61CD-E84754B36F63}.Debug|x64.Build.0 = Debug|x64
		{CE1085EC-1B31-6721-61CD-E84754B36F63}.Release|x64.ActiveCfg = Release|x64
		{CE1085EC-1B31-6721-61CD-E84754B36F63}.Release|x64.Build.0 = Release|x64
	EndGlobalSection
	GlobalSection(SolutionProperties) = preSolution
		HideSolutionNode = FALSE
	EndGlobalSection
EndGlobal
